// !$*UTF8*$!
{
	archiveVersion = 1;
	classes = {
	};
	objectVersion = 50;
	objects = {

/* Begin PBXBuildFile section */
		4A74B6A120921AE100369FD3 /* AppDelegate.m in Sources */ = {isa = PBXBuildFile; fileRef = 4A74B6A020921AE100369FD3 /* AppDelegate.m */; };
		4A74B6A420921AE100369FD3 /* ViewController.m in Sources */ = {isa = PBXBuildFile; fileRef = 4A74B6A320921AE100369FD3 /* ViewController.m */; };
		4A74B6A720921AE100369FD3 /* Main.storyboard in Resources */ = {isa = PBXBuildFile; fileRef = 4A74B6A520921AE100369FD3 /* Main.storyboard */; };
		4A74B6A920921AE200369FD3 /* Assets.xcassets in Resources */ = {isa = PBXBuildFile; fileRef = 4A74B6A820921AE200369FD3 /* Assets.xcassets */; };
		4A74B6AC20921AE200369FD3 /* LaunchScreen.storyboard in Resources */ = {isa = PBXBuildFile; fileRef = 4A74B6AA20921AE200369FD3 /* LaunchScreen.storyboard */; };
		4A74B6AF20921AE200369FD3 /* main.m in Sources */ = {isa = PBXBuildFile; fileRef = 4A74B6AE20921AE200369FD3 /* main.m */; };
		4A74B6BB209223A700369FD3 /* exportOptions.plist in Resources */ = {isa = PBXBuildFile; fileRef = 4A74B6B9209223A500369FD3 /* exportOptions.plist */; };
		4A74B6BC209223A700369FD3 /* xcs-post-to-monitor-server.sh in Resources */ = {isa = PBXBuildFile; fileRef = 4A74B6BA209223A600369FD3 /* xcs-post-to-monitor-server.sh */; };
/* End PBXBuildFile section */

/* Begin PBXFileReference section */
		4A74B69C20921AE100369FD3 /* XCSTester.app */ = {isa = PBXFileReference; explicitFileType = wrapper.application; includeInIndex = 0; path = XCSTester.app; sourceTree = BUILT_PRODUCTS_DIR; };
		4A74B69F20921AE100369FD3 /* AppDelegate.h */ = {isa = PBXFileReference; lastKnownFileType = sourcecode.c.h; path = AppDelegate.h; sourceTree = "<group>"; };
		4A74B6A020921AE100369FD3 /* AppDelegate.m */ = {isa = PBXFileReference; lastKnownFileType = sourcecode.c.objc; path = AppDelegate.m; sourceTree = "<group>"; };
		4A74B6A220921AE100369FD3 /* ViewController.h */ = {isa = PBXFileReference; lastKnownFileType = sourcecode.c.h; path = ViewController.h; sourceTree = "<group>"; };
		4A74B6A320921AE100369FD3 /* ViewController.m */ = {isa = PBXFileReference; lastKnownFileType = sourcecode.c.objc; path = ViewController.m; sourceTree = "<group>"; };
		4A74B6A620921AE100369FD3 /* Base */ = {isa = PBXFileReference; lastKnownFileType = file.storyboard; name = Base; path = Base.lproj/Main.storyboard; sourceTree = "<group>"; };
		4A74B6A820921AE200369FD3 /* Assets.xcassets */ = {isa = PBXFileReference; lastKnownFileType = folder.assetcatalog; path = Assets.xcassets; sourceTree = "<group>"; };
		4A74B6AB20921AE200369FD3 /* Base */ = {isa = PBXFileReference; lastKnownFileType = file.storyboard; name = Base; path = Base.lproj/LaunchScreen.storyboard; sourceTree = "<group>"; };
		4A74B6AD20921AE200369FD3 /* Info.plist */ = {isa = PBXFileReference; lastKnownFileType = text.plist.xml; path = Info.plist; sourceTree = "<group>"; };
		4A74B6AE20921AE200369FD3 /* main.m */ = {isa = PBXFileReference; lastKnownFileType = sourcecode.c.objc; path = main.m; sourceTree = "<group>"; };
		4A74B6B9209223A500369FD3 /* exportOptions.plist */ = {isa = PBXFileReference; fileEncoding = 4; lastKnownFileType = text.plist.xml; path = exportOptions.plist; sourceTree = "<group>"; };
		4A74B6BA209223A600369FD3 /* xcs-post-to-monitor-server.sh */ = {isa = PBXFileReference; fileEncoding = 4; lastKnownFileType = text.script.sh; path = "xcs-post-to-monitor-server.sh"; sourceTree = "<group>"; };
/* End PBXFileReference section */

/* Begin PBXFrameworksBuildPhase section */
		4A74B69920921AE100369FD3 /* Frameworks */ = {
			isa = PBXFrameworksBuildPhase;
			buildActionMask = 2147483647;
			files = (
			);
			runOnlyForDeploymentPostprocessing = 0;
		};
/* End PBXFrameworksBuildPhase section */

/* Begin PBXGroup section */
		4A74B69320921AE100369FD3 = {
			isa = PBXGroup;
			children = (
				4A74B6B9209223A500369FD3 /* exportOptions.plist */,
				4A74B6BA209223A600369FD3 /* xcs-post-to-monitor-server.sh */,
				4A74B69E20921AE100369FD3 /* XCSTester */,
				4A74B69D20921AE100369FD3 /* Products */,
			);
			sourceTree = "<group>";
		};
		4A74B69D20921AE100369FD3 /* Products */ = {
			isa = PBXGroup;
			children = (
				4A74B69C20921AE100369FD3 /* XCSTester.app */,
			);
			name = Products;
			sourceTree = "<group>";
		};
		4A74B69E20921AE100369FD3 /* XCSTester */ = {
			isa = PBXGroup;
			children = (
				4A74B69F20921AE100369FD3 /* AppDelegate.h */,
				4A74B6A020921AE100369FD3 /* AppDelegate.m */,
				4A74B6A220921AE100369FD3 /* ViewController.h */,
				4A74B6A320921AE100369FD3 /* ViewController.m */,
				4A74B6A520921AE100369FD3 /* Main.storyboard */,
				4A74B6A820921AE200369FD3 /* Assets.xcassets */,
				4A74B6AA20921AE200369FD3 /* LaunchScreen.storyboard */,
				4A74B6AD20921AE200369FD3 /* Info.plist */,
				4A74B6AE20921AE200369FD3 /* main.m */,
			);
			path = XCSTester;
			sourceTree = "<group>";
		};
/* End PBXGroup section */

/* Begin PBXNativeTarget section */
		4A74B69B20921AE100369FD3 /* XCSTester */ = {
			isa = PBXNativeTarget;
			buildConfigurationList = 4A74B6B220921AE200369FD3 /* Build configuration list for PBXNativeTarget "XCSTester" */;
			buildPhases = (
				4A74B69820921AE100369FD3 /* Sources */,
				4A74B69920921AE100369FD3 /* Frameworks */,
				4A74B69A20921AE100369FD3 /* Resources */,
			);
			buildRules = (
			);
			dependencies = (
			);
			name = XCSTester;
			productName = XCSTester;
			productReference = 4A74B69C20921AE100369FD3 /* XCSTester.app */;
			productType = "com.apple.product-type.application";
		};
/* End PBXNativeTarget section */

/* Begin PBXProject section */
		4A74B69420921AE100369FD3 /* Project object */ = {
			isa = PBXProject;
			attributes = {
				LastUpgradeCheck = 0930;
				ORGANIZATIONNAME = traintrackcn;
				TargetAttributes = {
					4A74B69B20921AE100369FD3 = {
						CreatedOnToolsVersion = 9.3;
					};
				};
			};
			buildConfigurationList = 4A74B69720921AE100369FD3 /* Build configuration list for PBXProject "XCSTester" */;
			compatibilityVersion = "Xcode 9.3";
			developmentRegion = en;
			hasScannedForEncodings = 0;
			knownRegions = (
				en,
				Base,
			);
			mainGroup = 4A74B69320921AE100369FD3;
			productRefGroup = 4A74B69D20921AE100369FD3 /* Products */;
			projectDirPath = "";
			projectRoot = "";
			targets = (
				4A74B69B20921AE100369FD3 /* XCSTester */,
			);
		};
/* End PBXProject section */

/* Begin PBXResourcesBuildPhase section */
		4A74B69A20921AE100369FD3 /* Resources */ = {
			isa = PBXResourcesBuildPhase;
			buildActionMask = 2147483647;
			files = (
				4A74B6BB209223A700369FD3 /* exportOptions.plist in Resources */,
				4A74B6AC20921AE200369FD3 /* LaunchScreen.storyboard in Resources */,
				4A74B6A920921AE200369FD3 /* Assets.xcassets in Resources */,
				4A74B6BC209223A700369FD3 /* xcs-post-to-monitor-server.sh in Resources */,
				4A74B6A720921AE100369FD3 /* Main.storyboard in Resources */,
			);
			runOnlyForDeploymentPostprocessing = 0;
		};
/* End PBXResourcesBuildPhase section */

/* Begin PBXSourcesBuildPhase section */
		4A74B69820921AE100369FD3 /* Sources */ = {
			isa = PBXSourcesBuildPhase;
			buildActionMask = 2147483647;
			files = (
				4A74B6A420921AE100369FD3 /* ViewController.m in Sources */,
				4A74B6AF20921AE200369FD3 /* main.m in Sources */,
				4A74B6A120921AE100369FD3 /* AppDelegate.m in Sources */,
			);
			runOnlyForDeploymentPostprocessing = 0;
		};
/* End PBXSourcesBuildPhase section */

/* Begin PBXVariantGroup section */
		4A74B6A520921AE100369FD3 /* Main.storyboard */ = {
			isa = PBXVariantGroup;
			children = (
				4A74B6A620921AE100369FD3 /* Base */,
			);
			name = Main.storyboard;
			sourceTree = "<group>";
		};
		4A74B6AA20921AE200369FD3 /* LaunchScreen.storyboard */ = {
			isa = PBXVariantGroup;
			children = (
				4A74B6AB20921AE200369FD3 /* Base */,
			);
			name = LaunchScreen.storyboard;
			sourceTree = "<group>";
		};
/* End PBXVariantGroup section */

/* Begin XCBuildConfiguration section */
		4A74B6B020921AE200369FD3 /* Debug */ = {
			isa = XCBuildConfiguration;
			buildSettings = {
				ALWAYS_SEARCH_USER_PATHS = NO;
				CLANG_ANALYZER_NONNULL = YES;
				CLANG_ANALYZER_NUMBER_OBJECT_CONVERSION = YES_AGGRESSIVE;
				CLANG_CXX_LANGUAGE_STANDARD = "gnu++14";
				CLANG_CXX_LIBRARY = "libc++";
				CLANG_ENABLE_MODULES = YES;
				CLANG_ENABLE_OBJC_ARC = YES;
				CLANG_ENABLE_OBJC_WEAK = YES;
				CLANG_WARN_BLOCK_CAPTURE_AUTORELEASING = YES;
				CLANG_WARN_BOOL_CONVERSION = YES;
				CLANG_WARN_COMMA = YES;
				CLANG_WARN_CONSTANT_CONVERSION = YES;
				CLANG_WARN_DEPRECATED_OBJC_IMPLEMENTATIONS = YES;
				CLANG_WARN_DIRECT_OBJC_ISA_USAGE = YES_ERROR;
				CLANG_WARN_DOCUMENTATION_COMMENTS = YES;
				CLANG_WARN_EMPTY_BODY = YES;
				CLANG_WARN_ENUM_CONVERSION = YES;
				CLANG_WARN_INFINITE_RECURSION = YES;
				CLANG_WARN_INT_CONVERSION = YES;
				CLANG_WARN_NON_LITERAL_NULL_CONVERSION = YES;
				CLANG_WARN_OBJC_IMPLICIT_RETAIN_SELF = YES;
				CLANG_WARN_OBJC_LITERAL_CONVERSION = YES;
				CLANG_WARN_OBJC_ROOT_CLASS = YES_ERROR;
				CLANG_WARN_RANGE_LOOP_ANALYSIS = YES;
				CLANG_WARN_STRICT_PROTOTYPES = YES;
				CLANG_WARN_SUSPICIOUS_MOVE = YES;
				CLANG_WARN_UNGUARDED_AVAILABILITY = YES_AGGRESSIVE;
				CLANG_WARN_UNREACHABLE_CODE = YES;
				CLANG_WARN__DUPLICATE_METHOD_MATCH = YES;
				CODE_SIGN_IDENTITY = "iPhone Developer";
				COPY_PHASE_STRIP = NO;
				DEBUG_INFORMATION_FORMAT = dwarf;
				ENABLE_STRICT_OBJC_MSGSEND = YES;
				ENABLE_TESTABILITY = YES;
				GCC_C_LANGUAGE_STANDARD = gnu11;
				GCC_DYNAMIC_NO_PIC = NO;
				GCC_NO_COMMON_BLOCKS = YES;
				GCC_OPTIMIZATION_LEVEL = 0;
				GCC_PREPROCESSOR_DEFINITIONS = (
					"DEBUG=1",
					"$(inherited)",
				);
				GCC_WARN_64_TO_32_BIT_CONVERSION = YES;
				GCC_WARN_ABOUT_RETURN_TYPE = YES_ERROR;
				GCC_WARN_UNDECLARED_SELECTOR = YES;
				GCC_WARN_UNINITIALIZED_AUTOS = YES_AGGRESSIVE;
				GCC_WARN_UNUSED_FUNCTION = YES;
				GCC_WARN_UNUSED_VARIABLE = YES;
				IPHONEOS_DEPLOYMENT_TARGET = 11.3;
				MTL_ENABLE_DEBUG_INFO = YES;
				ONLY_ACTIVE_ARCH = YES;
				SDKROOT = iphoneos;
			};
			name = Debug;
		};
		4A74B6B120921AE200369FD3 /* Release */ = {
			isa = XCBuildConfiguration;
			buildSettings = {
				ALWAYS_SEARCH_USER_PATHS = NO;
				CLANG_ANALYZER_NONNULL = YES;
				CLANG_ANALYZER_NUMBER_OBJECT_CONVERSION = YES_AGGRESSIVE;
				CLANG_CXX_LANGUAGE_STANDARD = "gnu++14";
				CLANG_CXX_LIBRARY = "libc++";
				CLANG_ENABLE_MODULES = YES;
				CLANG_ENABLE_OBJC_ARC = YES;
				CLANG_ENABLE_OBJC_WEAK = YES;
				CLANG_WARN_BLOCK_CAPTURE_AUTORELEASING = YES;
				CLANG_WARN_BOOL_CONVERSION = YES;
				CLANG_WARN_COMMA = YES;
				CLANG_WARN_CONSTANT_CONVERSION = YES;
				CLANG_WARN_DEPRECATED_OBJC_IMPLEMENTATIONS = YES;
				CLANG_WARN_DIRECT_OBJC_ISA_USAGE = YES_ERROR;
				CLANG_WARN_DOCUMENTATION_COMMENTS = YES;
				CLANG_WARN_EMPTY_BODY = YES;
				CLANG_WARN_ENUM_CONVERSION = YES;
				CLANG_WARN_INFINITE_RECURSION = YES;
				CLANG_WARN_INT_CONVERSION = YES;
				CLANG_WARN_NON_LITERAL_NULL_CONVERSION = YES;
				CLANG_WARN_OBJC_IMPLICIT_RETAIN_SELF = YES;
				CLANG_WARN_OBJC_LITERAL_CONVERSION = YES;
				CLANG_WARN_OBJC_ROOT_CLASS = YES_ERROR;
				CLANG_WARN_RANGE_LOOP_ANALYSIS = YES;
				CLANG_WARN_STRICT_PROTOTYPES = YES;
				CLANG_WARN_SUSPICIOUS_MOVE = YES;
				CLANG_WARN_UNGUARDED_AVAILABILITY = YES_AGGRESSIVE;
				CLANG_WARN_UNREACHABLE_CODE = YES;
				CLANG_WARN__DUPLICATE_METHOD_MATCH = YES;
				CODE_SIGN_IDENTITY = "iPhone Developer";
				COPY_PHASE_STRIP = NO;
				DEBUG_INFORMATION_FORMAT = "dwarf-with-dsym";
				ENABLE_NS_ASSERTIONS = NO;
				ENABLE_STRICT_OBJC_MSGSEND = YES;
				GCC_C_LANGUAGE_STANDARD = gnu11;
				GCC_NO_COMMON_BLOCKS = YES;
				GCC_WARN_64_TO_32_BIT_CONVERSION = YES;
				GCC_WARN_ABOUT_RETURN_TYPE = YES_ERROR;
				GCC_WARN_UNDECLARED_SELECTOR = YES;
				GCC_WARN_UNINITIALIZED_AUTOS = YES_AGGRESSIVE;
				GCC_WARN_UNUSED_FUNCTION = YES;
				GCC_WARN_UNUSED_VARIABLE = YES;
				IPHONEOS_DEPLOYMENT_TARGET = 11.3;
				MTL_ENABLE_DEBUG_INFO = NO;
				SDKROOT = iphoneos;
				VALIDATE_PRODUCT = YES;
			};
			name = Release;
		};
		4A74B6B320921AE200369FD3 /* Debug */ = {
			isa = XCBuildConfiguration;
			buildSettings = {
				ASSETCATALOG_COMPILER_APPICON_NAME = AppIcon;
				CODE_SIGN_STYLE = Manual;
				DEVELOPMENT_TEAM = LWV4GYPE98;
				INFOPLIST_FILE = XCSTester/Info.plist;
				LD_RUNPATH_SEARCH_PATHS = (
					"$(inherited)",
					"@executable_path/Frameworks",
				);
				ONLY_ACTIVE_ARCH = NO;
				PRODUCT_BUNDLE_IDENTIFIER = com.abovegem.app.ios.XCSTester;
				PRODUCT_NAME = "$(TARGET_NAME)";
				PROVISIONING_PROFILE = "b90fb193-5480-4968-9524-2445834fb692";
				PROVISIONING_PROFILE_SPECIFIER = "match Development com.abovegem.app.ios.XCSTester";
				TARGETED_DEVICE_FAMILY = "1,2";
			};
			name = Debug;
		};
		4A74B6B420921AE200369FD3 /* Release */ = {
			isa = XCBuildConfiguration;
			buildSettings = {
				ASSETCATALOG_COMPILER_APPICON_NAME = AppIcon;
				CODE_SIGN_STYLE = Manual;
				DEVELOPMENT_TEAM = "";
				INFOPLIST_FILE = XCSTester/Info.plist;
				LD_RUNPATH_SEARCH_PATHS = (
					"$(inherited)",
					"@executable_path/Frameworks",
				);
				PRODUCT_BUNDLE_IDENTIFIER = com.abovegem.app.ios.XCSTester;
				PRODUCT_NAME = "$(TARGET_NAME)";
				PROVISIONING_PROFILE_SPECIFIER = "";
				TARGETED_DEVICE_FAMILY = "1,2";
			};
			name = Release;
		};
/* End XCBuildConfiguration section */

/* Begin XCConfigurationList section */
		4A74B69720921AE100369FD3 /* Build configuration list for PBXProject "XCSTester" */ = {
			isa = XCConfigurationList;
			buildConfigurations = (
				4A74B6B020921AE200369FD3 /* Debug */,
				4A74B6B120921AE200369FD3 /* Release */,
			);
			defaultConfigurationIsVisible = 0;
			defaultConfigurationName = Release;
		};
		4A74B6B220921AE200369FD3 /* Build configuration list for PBXNativeTarget "XCSTester" */ = {
			isa = XCConfigurationList;
			buildConfigurations = (
				4A74B6B320921AE200369FD3 /* Debug */,
				4A74B6B420921AE200369FD3 /* Release */,
			);
			defaultConfigurationIsVisible = 0;
			defaultConfigurationName = Release;
		};
/* End XCConfigurationList section */
	};
	rootObject = 4A74B69420921AE100369FD3 /* Project object */;
}
